
Microsoft Visual Studio Solution File, Format Version 12.00
# Visual Studio Version 17
VisualStudioVersion = 17.3.32922.545
MinimumVisualStudioVersion = 10.0.40219.1
Project("{FAE04EC0-301F-11D3-BF4B-00C04F79EFBC}") = "ConsoleApp1", "ConsoleApp1\ConsoleApp1.csproj", "{8F902CDF-A8F8-4466-95A9-CE69D50D284C}"
EndProject
Project("{FAE04EC0-301F-11D3-BF4B-00C04F79EFBC}") = "ConsoleApp2", "ConsoleApp2\ConsoleApp2.csproj", "{FCD38E92-C620-4EE9-A456-D68297D96901}"
EndProject
Project("{FAE04EC0-301F-11D3-BF4B-00C04F79EFBC}") = "ConsoleApp3", "ConsoleApp3\ConsoleApp3.csproj", "{F97D66E4-29C1-4315-96A3-ABDD9EE8453C}"
EndProject
Project("{FAE04EC0-301F-11D3-BF4B-00C04F79EFBC}") = "ConsoleApp4", "ConsoleApp4\ConsoleApp4.csproj", "{E8F9B46E-3098-420E-B0AD-4ED518D57BA6}"
EndProject
Project("{FAE04EC0-301F-11D3-BF4B-00C04F79EFBC}") = "ConsoleApp5", "ConsoleApp5\ConsoleApp5.csproj", "{2EB79ACB-6EBB-4906-A427-DF412D1C4389}"
EndProject
Project("{FAE04EC0-301F-11D3-BF4B-00C04F79EFBC}") = "ConsoleApp6", "ConsoleApp6\ConsoleApp6.csproj", "{37F5B28D-4D11-4AD6-A0E6-21928D86AAC8}"
EndProject
Project("{FAE04EC0-301F-11D3-BF4B-00C04F79EFBC}") = "ConsoleApp7", "ConsoleApp7\ConsoleApp7.csproj", "{2CD97E6B-B4F1-4A48-8155-D6A58A78C982}"
EndProject
Project("{FAE04EC0-301F-11D3-BF4B-00C04F79EFBC}") = "ConsoleApp8", "ConsoleApp8\ConsoleApp8.csproj", "{C6E62B4C-9E72-4C00-B0E0-B626F722C9C7}"
EndProject
Project("{FAE04EC0-301F-11D3-BF4B-00C04F79EFBC}") = "ConsoleApp9", "ConsoleApp9\ConsoleApp9.csproj", "{B0FDEC45-C716-4FEC-9D49-8EF90BB3EE28}"
EndProject
Project("{FAE04EC0-301F-11D3-BF4B-00C04F79EFBC}") = "ConsoleApp10", "ConsoleApp10\ConsoleApp10.csproj", "{56CC8BA7-286E-46C3-8C65-A9539E3C5112}"
EndProject
Project("{FAE04EC0-301F-11D3-BF4B-00C04F79EFBC}") = "ConsoleApp11", "ConsoleApp11\ConsoleApp11.csproj", "{A44ED3C2-AB83-4F77-8F46-4410C2FFE081}"
EndProject
Project("{FAE04EC0-301F-11D3-BF4B-00C04F79EFBC}") = "ConsoleApp12", "ConsoleApp12\ConsoleApp12.csproj", "{917A65F3-4B9D-4968-9B7B-4ADB47FA034F}"
EndProject
Global
	GlobalSection(SolutionConfigurationPlatforms) = preSolution
		Debug|Any CPU = Debug|Any CPU
		Release|Any CPU = Release|Any CPU
	EndGlobalSection
	GlobalSection(ProjectConfigurationPlatforms) = postSolution
		{8F902CDF-A8F8-4466-95A9-CE69D50D284C}.Debug|Any CPU.ActiveCfg = Debug|Any CPU
		{8F902CDF-A8F8-4466-95A9-CE69D50D284C}.Debug|Any CPU.Build.0 = Debug|Any CPU
		{8F902CDF-A8F8-4466-95A9-CE69D50D284C}.Release|Any CPU.ActiveCfg = Release|Any CPU
		{8F902CDF-A8F8-4466-95A9-CE69D50D284C}.Release|Any CPU.Build.0 = Release|Any CPU
		{FCD38E92-C620-4EE9-A456-D68297D96901}.Debug|Any CPU.ActiveCfg = Debug|Any CPU
		{FCD38E92-C620-4EE9-A456-D68297D96901}.Debug|Any CPU.Build.0 = Debug|Any CPU
		{FCD38E92-C620-4EE9-A456-D68297D96901}.Release|Any CPU.ActiveCfg = Release|Any CPU
		{FCD38E92-C620-4EE9-A456-D68297D96901}.Release|Any CPU.Build.0 = Release|Any CPU
		{F97D66E4-29C1-4315-96A3-ABDD9EE8453C}.Debug|Any CPU.ActiveCfg = Debug|Any CPU
		{F97D66E4-29C1-4315-96A3-ABDD9EE8453C}.Debug|Any CPU.Build.0 = Debug|Any CPU
		{F97D66E4-29C1-4315-96A3-ABDD9EE8453C}.Release|Any CPU.ActiveCfg = Release|Any CPU
		{F97D66E4-29C1-4315-96A3-ABDD9EE8453C}.Release|Any CPU.Build.0 = Release|Any CPU
		{E8F9B46E-3098-420E-B0AD-4ED518D57BA6}.Debug|Any CPU.ActiveCfg = Debug|Any CPU
		{E8F9B46E-3098-420E-B0AD-4ED518D57BA6}.Debug|Any CPU.Build.0 = Debug|Any CPU
		{E8F9B46E-3098-420E-B0AD-4ED518D57BA6}.Release|Any CPU.ActiveCfg = Release|Any CPU
		{E8F9B46E-3098-420E-B0AD-4ED518D57BA6}.Release|Any CPU.Build.0 = Release|Any CPU
		{2EB79ACB-6EBB-4906-A427-DF412D1C4389}.Debug|Any CPU.ActiveCfg = Debug|Any CPU
		{2EB79ACB-6EBB-4906-A427-DF412D1C4389}.Debug|Any CPU.Build.0 = Debug|Any CPU
		{2EB79ACB-6EBB-4906-A427-DF412D1C4389}.Release|Any CPU.ActiveCfg = Release|Any CPU
		{2EB79ACB-6EBB-4906-A427-DF412D1C4389}.Release|Any CPU.Build.0 = Release|Any CPU
		{37F5B28D-4D11-4AD6-A0E6-21928D86AAC8}.Debug|Any CPU.ActiveCfg = Debug|Any CPU
		{37F5B28D-4D11-4AD6-A0E6-21928D86AAC8}.Debug|Any CPU.Build.0 = Debug|Any CPU
		{37F5B28D-4D11-4AD6-A0E6-21928D86AAC8}.Release|Any CPU.ActiveCfg = Release|Any CPU
		{37F5B28D-4D11-4AD6-A0E6-21928D86AAC8}.Release|Any CPU.Build.0 = Release|Any CPU
		{2CD97E6B-B4F1-4A48-8155-D6A58A78C982}.Debug|Any CPU.ActiveCfg = Debug|Any CPU
		{2CD97E6B-B4F1-4A48-8155-D6A58A78C982}.Debug|Any CPU.Build.0 = Debug|Any CPU
		{2CD97E6B-B4F1-4A48-8155-D6A58A78C982}.Release|Any CPU.ActiveCfg = Release|Any CPU
		{2CD97E6B-B4F1-4A48-8155-D6A58A78C982}.Release|Any CPU.Build.0 = Release|Any CPU
		{C6E62B4C-9E72-4C00-B0E0-B626F722C9C7}.Debug|Any CPU.ActiveCfg = Debug|Any CPU
		{C6E62B4C-9E72-4C00-B0E0-B626F722C9C7}.Debug|Any CPU.Build.0 = Debug|Any CPU
		{C6E62B4C-9E72-4C00-B0E0-B626F722C9C7}.Release|Any CPU.ActiveCfg = Release|Any CPU
		{C6E62B4C-9E72-4C00-B0E0-B626F722C9C7}.Release|Any CPU.Build.0 = Release|Any CPU
		{B0FDEC45-C716-4FEC-9D49-8EF90BB3EE28}.Debug|Any CPU.ActiveCfg = Debug|Any CPU
		{B0FDEC45-C716-4FEC-9D49-8EF90BB3EE28}.Debug|Any CPU.Build.0 = Debug|Any CPU
		{B0FDEC45-C716-4FEC-9D49-8EF90BB3EE28}.Release|Any CPU.ActiveCfg = Release|Any CPU
		{B0FDEC45-C716-4FEC-9D49-8EF90BB3EE28}.Release|Any CPU.Build.0 = Release|Any CPU
		{56CC8BA7-286E-46C3-8C65-A9539E3C5112}.Debug|Any CPU.ActiveCfg = Debug|Any CPU
		{56CC8BA7-286E-46C3-8C65-A9539E3C5112}.Debug|Any CPU.Build.0 = Debug|Any CPU
		{56CC8BA7-286E-46C3-8C65-A9539E3C5112}.Release|Any CPU.ActiveCfg = Release|Any CPU
		{56CC8BA7-286E-46C3-8C65-A9539E3C5112}.Release|Any CPU.Build.0 = Release|Any CPU
		{A44ED3C2-AB83-4F77-8F46-4410C2FFE081}.Debug|Any CPU.ActiveCfg = Debug|Any CPU
		{A44ED3C2-AB83-4F77-8F46-4410C2FFE081}.Debug|Any CPU.Build.0 = Debug|Any CPU
		{A44ED3C2-AB83-4F77-8F46-4410C2FFE081}.Release|Any CPU.ActiveCfg = Release|Any CPU
		{A44ED3C2-AB83-4F77-8F46-4410C2FFE081}.Release|Any CPU.Build.0 = Release|Any CPU
		{917A65F3-4B9D-4968-9B7B-4ADB47FA034F}.Debug|Any CPU.ActiveCfg = Debug|Any CPU
		{917A65F3-4B9D-4968-9B7B-4ADB47FA034F}.Debug|Any CPU.Build.0 = Debug|Any CPU
		{917A65F3-4B9D-4968-9B7B-4ADB47FA034F}.Release|Any CPU.ActiveCfg = Release|Any CPU
		{917A65F3-4B9D-4968-9B7B-4ADB47FA034F}.Release|Any CPU.Build.0 = Release|Any CPU
	EndGlobalSection
	GlobalSection(SolutionProperties) = preSolution
		HideSolutionNode = FALSE
	EndGlobalSection
	GlobalSection(ExtensibilityGlobals) = postSolution
		SolutionGuid = {F0F1D1C3-4C6A-4023-854F-D640B71DA9BB}
	EndGlobalSection
EndGlobal
