
Microsoft Visual Studio Solution File, Format Version 12.00
# Visual Studio Version 17
VisualStudioVersion = 17.3.32922.545
MinimumVisualStudioVersion = 10.0.40219.1
Project("{FAE04EC0-301F-11D3-BF4B-00C04F79EFBC}") = "ConsoleApp1", "ConsoleApp1\ConsoleApp1.csproj", "{8F902CDF-A8F8-4466-95A9-CE69D50D284C}"
EndProject
Project("{FAE04EC0-301F-11D3-BF4B-00C04F79EFBC}") = "ConsoleApp2", "ConsoleApp2\ConsoleApp2.csproj", "{FCD38E92-C620-4EE9-A456-D68297D96901}"
EndProject
Project("{FAE04EC0-301F-11D3-BF4B-00C04F79EFBC}") = "ConsoleApp3", "ConsoleApp3\ConsoleApp3.csproj", "{F97D66E4-29C1-4315-96A3-ABDD9EE8453C}"
EndProject
Project("{FAE04EC0-301F-11D3-BF4B-00C04F79EFBC}") = "ConsoleApp4", "ConsoleApp4\ConsoleApp4.csproj", "{E8F9B46E-3098-420E-B0AD-4ED518D57BA6}"
EndProject
Project("{FAE04EC0-301F-11D3-BF4B-00C04F79EFBC}") = "ConsoleApp5", "ConsoleApp5\ConsoleApp5.csproj", "{2EB79ACB-6EBB-4906-A427-DF412D1C4389}"
EndProject
Project("{FAE04EC0-301F-11D3-BF4B-00C04F79EFBC}") = "ConsoleApp6", "ConsoleApp6\ConsoleApp6.csproj", "{37F5B28D-4D11-4AD6-A0E6-21928D86AAC8}"
EndProject
Project("{FAE04EC0-301F-11D3-BF4B-00C04F79EFBC}") = "ConsoleApp7", "ConsoleApp7\ConsoleApp7.csproj", "{2CD97E6B-B4F1-4A48-8155-D6A58A78C982}"
EndProject
Project("{FAE04EC0-301F-11D3-BF4B-00C04F79EFBC}") = "ConsoleApp8", "ConsoleApp8\ConsoleApp8.csproj", "{C6E62B4C-9E72-4C00-B0E0-B626F722C9C7}"
EndProject
Project("{FAE04EC0-301F-11D3-BF4B-00C04F79EFBC}") = "ConsoleApp9", "ConsoleApp9\ConsoleApp9.csproj", "{B0FDEC45-C716-4FEC-9D49-8EF90BB3EE28}"
EndProject
Project("{FAE04EC0-301F-11D3-BF4B-00C04F79EFBC}") = "ConsoleApp10", "ConsoleApp10\ConsoleApp10.csproj", "{56CC8BA7-286E-46C3-8C65-A9539E3C5112}"
EndProject
Project("{FAE04EC0-301F-11D3-BF4B-00C04F79EFBC}") = "ConsoleApp11", "ConsoleApp11\ConsoleApp11.csproj", "{A44ED3C2-AB83-4F77-8F46-4410C2FFE081}"
EndProject
Project("{FAE04EC0-301F-11D3-BF4B-00C04F79EFBC}") = "ConsoleApp12", "ConsoleApp12\ConsoleApp12.csproj", "{917A65F3-4B9D-4968-9B7B-4ADB47FA034F}"
EndProject
Project("{FAE04EC0-301F-11D3-BF4B-00C04F79EFBC}") = "ConsoleApp13", "ConsoleApp13\ConsoleApp13.csproj", "{EA4A7E59-EB03-477D-B441-CAE558EC7703}"
EndProject
Project("{FAE04EC0-301F-11D3-BF4B-00C04F79EFBC}") = "ConsoleApp14", "ConsoleApp14\ConsoleApp14.csproj", "{B15A2132-EC52-4B23-A2DC-1034B2E2510C}"
EndProject
Project("{FAE04EC0-301F-11D3-BF4B-00C04F79EFBC}") = "ConsoleApp15", "ConsoleApp15\ConsoleApp15.csproj", "{9196FA6E-1EB7-4452-8567-DAF863C62CA0}"
EndProject
Project("{FAE04EC0-301F-11D3-BF4B-00C04F79EFBC}") = "ConsoleApp16", "ConsoleApp16\ConsoleApp16.csproj", "{4B3572CA-14F8-4F0C-9E24-F4AE56A6DB3B}"
EndProject
Project("{FAE04EC0-301F-11D3-BF4B-00C04F79EFBC}") = "ConsoleApp17", "ConsoleApp17\ConsoleApp17.csproj", "{DA511E6B-0491-4777-9E59-0339FF916952}"
EndProject
Project("{FAE04EC0-301F-11D3-BF4B-00C04F79EFBC}") = "ConsoleApp19", "ConsoleApp19\ConsoleApp19.csproj", "{B3D59464-B122-4A66-98A9-100590487D5C}"
EndProject
Project("{FAE04EC0-301F-11D3-BF4B-00C04F79EFBC}") = "ConsoleApp20", "ConsoleApp20\ConsoleApp20.csproj", "{A8F2A774-0B67-4EA5-B858-39CF22B1CE65}"
EndProject
Project("{FAE04EC0-301F-11D3-BF4B-00C04F79EFBC}") = "ConsoleApp21", "ConsoleApp21\ConsoleApp21.csproj", "{D6A93DE0-43EC-4ED2-8164-D1A5756733B0}"
EndProject
Project("{FAE04EC0-301F-11D3-BF4B-00C04F79EFBC}") = "ConsoleApp22", "ConsoleApp22\ConsoleApp22.csproj", "{B326EE4F-F658-4337-BDAB-9BAD2B1BCECF}"
EndProject
Project("{FAE04EC0-301F-11D3-BF4B-00C04F79EFBC}") = "ConsoleApp24", "ConsoleApp24\ConsoleApp24.csproj", "{C5498576-808D-4A99-8D93-FBFC5B5EDEC4}"
EndProject
Project("{FAE04EC0-301F-11D3-BF4B-00C04F79EFBC}") = "ConsoleApp25", "ConsoleApp25\ConsoleApp25.csproj", "{3DB80DB2-876A-4A7B-B127-E2D0E47F5D10}"
EndProject
Project("{FAE04EC0-301F-11D3-BF4B-00C04F79EFBC}") = "ConsoleApp26", "ConsoleApp26\ConsoleApp26.csproj", "{E5FBF898-E168-4A98-9214-2032837E42E3}"
EndProject
Project("{FAE04EC0-301F-11D3-BF4B-00C04F79EFBC}") = "ConsoleApp27", "ConsoleApp27\ConsoleApp27.csproj", "{D0037129-311F-445A-B266-EA5D39BB9997}"
EndProject
Project("{FAE04EC0-301F-11D3-BF4B-00C04F79EFBC}") = "ConsoleApp28", "ConsoleApp28\ConsoleApp28.csproj", "{9EA4AEA9-2631-4B4A-81FC-10D666D3569A}"
EndProject
Project("{FAE04EC0-301F-11D3-BF4B-00C04F79EFBC}") = "ConsoleApp29", "ConsoleApp29\ConsoleApp29.csproj", "{5D7B94A9-A514-4E03-98BA-8E75BE2E4407}"
EndProject
Project("{FAE04EC0-301F-11D3-BF4B-00C04F79EFBC}") = "ConsoleApp30", "ConsoleApp30\ConsoleApp30.csproj", "{5DCD479A-B105-46B0-BB92-7556A0507787}"
EndProject
Global
	GlobalSection(SolutionConfigurationPlatforms) = preSolution
		Debug|Any CPU = Debug|Any CPU
		Release|Any CPU = Release|Any CPU
	EndGlobalSection
	GlobalSection(ProjectConfigurationPlatforms) = postSolution
		{8F902CDF-A8F8-4466-95A9-CE69D50D284C}.Debug|Any CPU.ActiveCfg = Debug|Any CPU
		{8F902CDF-A8F8-4466-95A9-CE69D50D284C}.Debug|Any CPU.Build.0 = Debug|Any CPU
		{8F902CDF-A8F8-4466-95A9-CE69D50D284C}.Release|Any CPU.ActiveCfg = Release|Any CPU
		{8F902CDF-A8F8-4466-95A9-CE69D50D284C}.Release|Any CPU.Build.0 = Release|Any CPU
		{FCD38E92-C620-4EE9-A456-D68297D96901}.Debug|Any CPU.ActiveCfg = Debug|Any CPU
		{FCD38E92-C620-4EE9-A456-D68297D96901}.Debug|Any CPU.Build.0 = Debug|Any CPU
		{FCD38E92-C620-4EE9-A456-D68297D96901}.Release|Any CPU.ActiveCfg = Release|Any CPU
		{FCD38E92-C620-4EE9-A456-D68297D96901}.Release|Any CPU.Build.0 = Release|Any CPU
		{F97D66E4-29C1-4315-96A3-ABDD9EE8453C}.Debug|Any CPU.ActiveCfg = Debug|Any CPU
		{F97D66E4-29C1-4315-96A3-ABDD9EE8453C}.Debug|Any CPU.Build.0 = Debug|Any CPU
		{F97D66E4-29C1-4315-96A3-ABDD9EE8453C}.Release|Any CPU.ActiveCfg = Release|Any CPU
		{F97D66E4-29C1-4315-96A3-ABDD9EE8453C}.Release|Any CPU.Build.0 = Release|Any CPU
		{E8F9B46E-3098-420E-B0AD-4ED518D57BA6}.Debug|Any CPU.ActiveCfg = Debug|Any CPU
		{E8F9B46E-3098-420E-B0AD-4ED518D57BA6}.Debug|Any CPU.Build.0 = Debug|Any CPU
		{E8F9B46E-3098-420E-B0AD-4ED518D57BA6}.Release|Any CPU.ActiveCfg = Release|Any CPU
		{E8F9B46E-3098-420E-B0AD-4ED518D57BA6}.Release|Any CPU.Build.0 = Release|Any CPU
		{2EB79ACB-6EBB-4906-A427-DF412D1C4389}.Debug|Any CPU.ActiveCfg = Debug|Any CPU
		{2EB79ACB-6EBB-4906-A427-DF412D1C4389}.Debug|Any CPU.Build.0 = Debug|Any CPU
		{2EB79ACB-6EBB-4906-A427-DF412D1C4389}.Release|Any CPU.ActiveCfg = Release|Any CPU
		{2EB79ACB-6EBB-4906-A427-DF412D1C4389}.Release|Any CPU.Build.0 = Release|Any CPU
		{37F5B28D-4D11-4AD6-A0E6-21928D86AAC8}.Debug|Any CPU.ActiveCfg = Debug|Any CPU
		{37F5B28D-4D11-4AD6-A0E6-21928D86AAC8}.Debug|Any CPU.Build.0 = Debug|Any CPU
		{37F5B28D-4D11-4AD6-A0E6-21928D86AAC8}.Release|Any CPU.ActiveCfg = Release|Any CPU
		{37F5B28D-4D11-4AD6-A0E6-21928D86AAC8}.Release|Any CPU.Build.0 = Release|Any CPU
		{2CD97E6B-B4F1-4A48-8155-D6A58A78C982}.Debug|Any CPU.ActiveCfg = Debug|Any CPU
		{2CD97E6B-B4F1-4A48-8155-D6A58A78C982}.Debug|Any CPU.Build.0 = Debug|Any CPU
		{2CD97E6B-B4F1-4A48-8155-D6A58A78C982}.Release|Any CPU.ActiveCfg = Release|Any CPU
		{2CD97E6B-B4F1-4A48-8155-D6A58A78C982}.Release|Any CPU.Build.0 = Release|Any CPU
		{C6E62B4C-9E72-4C00-B0E0-B626F722C9C7}.Debug|Any CPU.ActiveCfg = Debug|Any CPU
		{C6E62B4C-9E72-4C00-B0E0-B626F722C9C7}.Debug|Any CPU.Build.0 = Debug|Any CPU
		{C6E62B4C-9E72-4C00-B0E0-B626F722C9C7}.Release|Any CPU.ActiveCfg = Release|Any CPU
		{C6E62B4C-9E72-4C00-B0E0-B626F722C9C7}.Release|Any CPU.Build.0 = Release|Any CPU
		{B0FDEC45-C716-4FEC-9D49-8EF90BB3EE28}.Debug|Any CPU.ActiveCfg = Debug|Any CPU
		{B0FDEC45-C716-4FEC-9D49-8EF90BB3EE28}.Debug|Any CPU.Build.0 = Debug|Any CPU
		{B0FDEC45-C716-4FEC-9D49-8EF90BB3EE28}.Release|Any CPU.ActiveCfg = Release|Any CPU
		{B0FDEC45-C716-4FEC-9D49-8EF90BB3EE28}.Release|Any CPU.Build.0 = Release|Any CPU
		{56CC8BA7-286E-46C3-8C65-A9539E3C5112}.Debug|Any CPU.ActiveCfg = Debug|Any CPU
		{56CC8BA7-286E-46C3-8C65-A9539E3C5112}.Debug|Any CPU.Build.0 = Debug|Any CPU
		{56CC8BA7-286E-46C3-8C65-A9539E3C5112}.Release|Any CPU.ActiveCfg = Release|Any CPU
		{56CC8BA7-286E-46C3-8C65-A9539E3C5112}.Release|Any CPU.Build.0 = Release|Any CPU
		{A44ED3C2-AB83-4F77-8F46-4410C2FFE081}.Debug|Any CPU.ActiveCfg = Debug|Any CPU
		{A44ED3C2-AB83-4F77-8F46-4410C2FFE081}.Debug|Any CPU.Build.0 = Debug|Any CPU
		{A44ED3C2-AB83-4F77-8F46-4410C2FFE081}.Release|Any CPU.ActiveCfg = Release|Any CPU
		{A44ED3C2-AB83-4F77-8F46-4410C2FFE081}.Release|Any CPU.Build.0 = Release|Any CPU
		{917A65F3-4B9D-4968-9B7B-4ADB47FA034F}.Debug|Any CPU.ActiveCfg = Debug|Any CPU
		{917A65F3-4B9D-4968-9B7B-4ADB47FA034F}.Debug|Any CPU.Build.0 = Debug|Any CPU
		{917A65F3-4B9D-4968-9B7B-4ADB47FA034F}.Release|Any CPU.ActiveCfg = Release|Any CPU
		{917A65F3-4B9D-4968-9B7B-4ADB47FA034F}.Release|Any CPU.Build.0 = Release|Any CPU
		{EA4A7E59-EB03-477D-B441-CAE558EC7703}.Debug|Any CPU.ActiveCfg = Debug|Any CPU
		{EA4A7E59-EB03-477D-B441-CAE558EC7703}.Debug|Any CPU.Build.0 = Debug|Any CPU
		{EA4A7E59-EB03-477D-B441-CAE558EC7703}.Release|Any CPU.ActiveCfg = Release|Any CPU
		{EA4A7E59-EB03-477D-B441-CAE558EC7703}.Release|Any CPU.Build.0 = Release|Any CPU
		{B15A2132-EC52-4B23-A2DC-1034B2E2510C}.Debug|Any CPU.ActiveCfg = Debug|Any CPU
		{B15A2132-EC52-4B23-A2DC-1034B2E2510C}.Debug|Any CPU.Build.0 = Debug|Any CPU
		{B15A2132-EC52-4B23-A2DC-1034B2E2510C}.Release|Any CPU.ActiveCfg = Release|Any CPU
		{B15A2132-EC52-4B23-A2DC-1034B2E2510C}.Release|Any CPU.Build.0 = Release|Any CPU
		{9196FA6E-1EB7-4452-8567-DAF863C62CA0}.Debug|Any CPU.ActiveCfg = Debug|Any CPU
		{9196FA6E-1EB7-4452-8567-DAF863C62CA0}.Debug|Any CPU.Build.0 = Debug|Any CPU
		{9196FA6E-1EB7-4452-8567-DAF863C62CA0}.Release|Any CPU.ActiveCfg = Release|Any CPU
		{9196FA6E-1EB7-4452-8567-DAF863C62CA0}.Release|Any CPU.Build.0 = Release|Any CPU
		{4B3572CA-14F8-4F0C-9E24-F4AE56A6DB3B}.Debug|Any CPU.ActiveCfg = Debug|Any CPU
		{4B3572CA-14F8-4F0C-9E24-F4AE56A6DB3B}.Debug|Any CPU.Build.0 = Debug|Any CPU
		{4B3572CA-14F8-4F0C-9E24-F4AE56A6DB3B}.Release|Any CPU.ActiveCfg = Release|Any CPU
		{4B3572CA-14F8-4F0C-9E24-F4AE56A6DB3B}.Release|Any CPU.Build.0 = Release|Any CPU
		{DA511E6B-0491-4777-9E59-0339FF916952}.Debug|Any CPU.ActiveCfg = Debug|Any CPU
		{DA511E6B-0491-4777-9E59-0339FF916952}.Debug|Any CPU.Build.0 = Debug|Any CPU
		{DA511E6B-0491-4777-9E59-0339FF916952}.Release|Any CPU.ActiveCfg = Release|Any CPU
		{DA511E6B-0491-4777-9E59-0339FF916952}.Release|Any CPU.Build.0 = Release|Any CPU
		{B3D59464-B122-4A66-98A9-100590487D5C}.Debug|Any CPU.ActiveCfg = Debug|Any CPU
		{B3D59464-B122-4A66-98A9-100590487D5C}.Debug|Any CPU.Build.0 = Debug|Any CPU
		{B3D59464-B122-4A66-98A9-100590487D5C}.Release|Any CPU.ActiveCfg = Release|Any CPU
		{B3D59464-B122-4A66-98A9-100590487D5C}.Release|Any CPU.Build.0 = Release|Any CPU
		{A8F2A774-0B67-4EA5-B858-39CF22B1CE65}.Debug|Any CPU.ActiveCfg = Debug|Any CPU
		{A8F2A774-0B67-4EA5-B858-39CF22B1CE65}.Debug|Any CPU.Build.0 = Debug|Any CPU
		{A8F2A774-0B67-4EA5-B858-39CF22B1CE65}.Release|Any CPU.ActiveCfg = Release|Any CPU
		{A8F2A774-0B67-4EA5-B858-39CF22B1CE65}.Release|Any CPU.Build.0 = Release|Any CPU
		{D6A93DE0-43EC-4ED2-8164-D1A5756733B0}.Debug|Any CPU.ActiveCfg = Debug|Any CPU
		{D6A93DE0-43EC-4ED2-8164-D1A5756733B0}.Debug|Any CPU.Build.0 = Debug|Any CPU
		{D6A93DE0-43EC-4ED2-8164-D1A5756733B0}.Release|Any CPU.ActiveCfg = Release|Any CPU
		{D6A93DE0-43EC-4ED2-8164-D1A5756733B0}.Release|Any CPU.Build.0 = Release|Any CPU
		{B326EE4F-F658-4337-BDAB-9BAD2B1BCECF}.Debug|Any CPU.ActiveCfg = Debug|Any CPU
		{B326EE4F-F658-4337-BDAB-9BAD2B1BCECF}.Debug|Any CPU.Build.0 = Debug|Any CPU
		{B326EE4F-F658-4337-BDAB-9BAD2B1BCECF}.Release|Any CPU.ActiveCfg = Release|Any CPU
		{B326EE4F-F658-4337-BDAB-9BAD2B1BCECF}.Release|Any CPU.Build.0 = Release|Any CPU
		{C5498576-808D-4A99-8D93-FBFC5B5EDEC4}.Debug|Any CPU.ActiveCfg = Debug|Any CPU
		{C5498576-808D-4A99-8D93-FBFC5B5EDEC4}.Debug|Any CPU.Build.0 = Debug|Any CPU
		{C5498576-808D-4A99-8D93-FBFC5B5EDEC4}.Release|Any CPU.ActiveCfg = Release|Any CPU
		{C5498576-808D-4A99-8D93-FBFC5B5EDEC4}.Release|Any CPU.Build.0 = Release|Any CPU
		{3DB80DB2-876A-4A7B-B127-E2D0E47F5D10}.Debug|Any CPU.ActiveCfg = Debug|Any CPU
		{3DB80DB2-876A-4A7B-B127-E2D0E47F5D10}.Debug|Any CPU.Build.0 = Debug|Any CPU
		{3DB80DB2-876A-4A7B-B127-E2D0E47F5D10}.Release|Any CPU.ActiveCfg = Release|Any CPU
		{3DB80DB2-876A-4A7B-B127-E2D0E47F5D10}.Release|Any CPU.Build.0 = Release|Any CPU
		{E5FBF898-E168-4A98-9214-2032837E42E3}.Debug|Any CPU.ActiveCfg = Debug|Any CPU
		{E5FBF898-E168-4A98-9214-2032837E42E3}.Debug|Any CPU.Build.0 = Debug|Any CPU
		{E5FBF898-E168-4A98-9214-2032837E42E3}.Release|Any CPU.ActiveCfg = Release|Any CPU
		{E5FBF898-E168-4A98-9214-2032837E42E3}.Release|Any CPU.Build.0 = Release|Any CPU
		{D0037129-311F-445A-B266-EA5D39BB9997}.Debug|Any CPU.ActiveCfg = Debug|Any CPU
		{D0037129-311F-445A-B266-EA5D39BB9997}.Debug|Any CPU.Build.0 = Debug|Any CPU
		{D0037129-311F-445A-B266-EA5D39BB9997}.Release|Any CPU.ActiveCfg = Release|Any CPU
		{D0037129-311F-445A-B266-EA5D39BB9997}.Release|Any CPU.Build.0 = Release|Any CPU
		{9EA4AEA9-2631-4B4A-81FC-10D666D3569A}.Debug|Any CPU.ActiveCfg = Debug|Any CPU
		{9EA4AEA9-2631-4B4A-81FC-10D666D3569A}.Debug|Any CPU.Build.0 = Debug|Any CPU
		{9EA4AEA9-2631-4B4A-81FC-10D666D3569A}.Release|Any CPU.ActiveCfg = Release|Any CPU
		{9EA4AEA9-2631-4B4A-81FC-10D666D3569A}.Release|Any CPU.Build.0 = Release|Any CPU
		{5D7B94A9-A514-4E03-98BA-8E75BE2E4407}.Debug|Any CPU.ActiveCfg = Debug|Any CPU
		{5D7B94A9-A514-4E03-98BA-8E75BE2E4407}.Debug|Any CPU.Build.0 = Debug|Any CPU
		{5D7B94A9-A514-4E03-98BA-8E75BE2E4407}.Release|Any CPU.ActiveCfg = Release|Any CPU
		{5D7B94A9-A514-4E03-98BA-8E75BE2E4407}.Release|Any CPU.Build.0 = Release|Any CPU
		{5DCD479A-B105-46B0-BB92-7556A0507787}.Debug|Any CPU.ActiveCfg = Debug|Any CPU
		{5DCD479A-B105-46B0-BB92-7556A0507787}.Debug|Any CPU.Build.0 = Debug|Any CPU
		{5DCD479A-B105-46B0-BB92-7556A0507787}.Release|Any CPU.ActiveCfg = Release|Any CPU
		{5DCD479A-B105-46B0-BB92-7556A0507787}.Release|Any CPU.Build.0 = Release|Any CPU
	EndGlobalSection
	GlobalSection(SolutionProperties) = preSolution
		HideSolutionNode = FALSE
	EndGlobalSection
	GlobalSection(ExtensibilityGlobals) = postSolution
		SolutionGuid = {F0F1D1C3-4C6A-4023-854F-D640B71DA9BB}
	EndGlobalSection
EndGlobal
